
Microsoft Visual Studio Solution File, Format Version 12.00
# Visual Studio Version 17
VisualStudioVersion = 17.3.32901.215
MinimumVisualStudioVersion = 10.0.40219.1
Project("{FAE04EC0-301F-11D3-BF4B-00C04F79EFBC}") = "MediatorDesignPattern", "MediatorDesignPattern\MediatorDesignPattern.csproj", "{1562D23A-46B2-410D-8FC5-D64E2A651F95}"
EndProject
Global
	GlobalSection(SolutionConfigurationPlatforms) = preSolution
		Debug|Any CPU = Debug|Any CPU
		Release|Any CPU = Release|Any CPU
	EndGlobalSection
	GlobalSection(ProjectConfigurationPlatforms) = postSolution
		{1562D23A-46B2-410D-8FC5-D64E2A651F95}.Debug|Any CPU.ActiveCfg = Debug|Any CPU
		{1562D23A-46B2-410D-8FC5-D64E2A651F95}.Debug|Any CPU.Build.0 = Debug|Any CPU
		{1562D23A-46B2-410D-8FC5-D64E2A651F95}.Release|Any CPU.ActiveCfg = Release|Any CPU
		{1562D23A-46B2-410D-8FC5-D64E2A651F95}.Release|Any CPU.Build.0 = Release|Any CPU
	EndGlobalSection
	GlobalSection(SolutionProperties) = preSolution
		HideSolutionNode = FALSE
	EndGlobalSection
	GlobalSection(ExtensibilityGlobals) = postSolution
		SolutionGuid = {858385D3-1E1D-4EB1-ADF7-9E35DEAB79D6}
	EndGlobalSection
EndGlobal
